
Microsoft Visual Studio Solution File, Format Version 12.00
# Visual Studio Version 16
VisualStudioVersion = 16.0.32510.428
MinimumVisualStudioVersion = 10.0.40219.1
Project("{FAE04EC0-301F-11D3-BF4B-00C04F79EFBC}") = "QL_BanHang", "QL_BanHang\QL_BanHang.csproj", "{F6AE1040-F099-42BF-9B6A-12856579BC85}"
EndProject
Global
	GlobalSection(SolutionConfigurationPlatforms) = preSolution
		Debug|Any CPU = Debug|Any CPU
		Release|Any CPU = Release|Any CPU
	EndGlobalSection
	GlobalSection(ProjectConfigurationPlatforms) = postSolution
		{F6AE1040-F099-42BF-9B6A-12856579BC85}.Debug|Any CPU.ActiveCfg = Debug|Any CPU
		{F6AE1040-F099-42BF-9B6A-12856579BC85}.Debug|Any CPU.Build.0 = Debug|Any CPU
		{F6AE1040-F099-42BF-9B6A-12856579BC85}.Release|Any CPU.ActiveCfg = Release|Any CPU
		{F6AE1040-F099-42BF-9B6A-12856579BC85}.Release|Any CPU.Build.0 = Release|Any CPU
	EndGlobalSection
	GlobalSection(SolutionProperties) = preSolution
		HideSolutionNode = FALSE
	EndGlobalSection
	GlobalSection(ExtensibilityGlobals) = postSolution
		SolutionGuid = {2F94A7DC-36E2-4240-9FA8-C9C2A294792D}
	EndGlobalSection
EndGlobal
